<?xml version="1.0" encoding="utf-8"?>
<Project ToolsVersion="4.0" xmlns="http://schemas.microsoft.com/developer/msbuild/2003">
  <ItemGroup>
    <ClCompile Include="main.cpp" />
    <ClCompile Include="precomp\precomp.cpp">
      <Filter>precomp</Filter>
    </ClCompile>
  </ItemGroup>
  <ItemGroup>
    <Filter Include="precomp">
      <UniqueIdentifier>{83e98e5a-f2c2-4f9c-b9fb-28ed2e643bc3}</UniqueIdentifier>
    </Filter>
  </ItemGroup>
  <ItemGroup>
    <ClInclude Include="precomp\precomp.h">
      <Filter>precomp</Filter>
    </ClInclude>
  </ItemGroup>
</Project>